# THIS IS AN AUTOGENERATED FILE. DO NOT EDIT THIS FILE DIRECTLY.
# yarn lockfile v1


"@ant-design/colors@^6.0.0":
  version "6.0.0"
  resolved "https://registry.yarnpkg.com/@ant-design/colors/-/colors-6.0.0.tgz#9b9366257cffcc47db42b9d0203bb592c13c0298"
  integrity sha512-qAZRvPzfdWHtfameEGP2Qvuf838NhergR35o+EuVyB5XvSA98xod5r4utvi4TJ3ywmevm290g9nsCG5MryrdWQ==
  dependencies:
    "@ctrl/tinycolor" "^3.4.0"

"@ant-design/icons-svg@^4.3.0":
  version "4.4.2"
  resolved "https://registry.yarnpkg.com/@ant-design/icons-svg/-/icons-svg-4.4.2.tgz#ed2be7fb4d82ac7e1d45a54a5b06d6cecf8be6f6"
  integrity sha512-vHbT+zJEVzllwP+CM+ul7reTEfBR0vgxFe7+lREAsAA7YGsYpboiq2sQNeQeRvh09GfQgs/GyFEvZpJ9cLXpXA==

"@ant-design/icons@^4.8.2":
  version "4.8.3"
  resolved "https://registry.yarnpkg.com/@ant-design/icons/-/icons-4.8.3.tgz#41555408ed5e9b0c3d53f3f24fe6a73abfcf4000"
  integrity sha512-HGlIQZzrEbAhpJR6+IGdzfbPym94Owr6JZkJ2QCCnOkPVIWMO2xgIVcOKnl8YcpijIo39V7l2qQL5fmtw56cMw==
  dependencies:
    "@ant-design/colors" "^6.0.0"
    "@ant-design/icons-svg" "^4.3.0"
    "@babel/runtime" "^7.11.2"
    classnames "^2.2.6"
    lodash "^4.17.15"
    rc-util "^5.9.4"

"@ant-design/react-slick@~1.0.2":
  version "1.0.2"
  resolved "https://registry.yarnpkg.com/@ant-design/react-slick/-/react-slick-1.0.2.tgz#241bb412aeacf7ff5d50c61fa5db66773fde6b56"
  integrity sha512-Wj8onxL/T8KQLFFiCA4t8eIRGpRR+UPgOdac2sYzonv+i0n3kXHmvHLLiOYL655DQx2Umii9Y9nNgL7ssu5haQ==
  dependencies:
    "@babel/runtime" "^7.10.4"
    classnames "^2.2.5"
    json2mq "^0.2.0"
    resize-observer-polyfill "^1.5.1"
    throttle-debounce "^5.0.0"

"@babel/runtime@^7.10.1", "@babel/runtime@^7.10.4", "@babel/runtime@^7.11.1", "@babel/runtime@^7.11.2", "@babel/runtime@^7.12.5", "@babel/runtime@^7.16.7", "@babel/runtime@^7.18.0", "@babel/runtime@^7.18.3", "@babel/runtime@^7.20.0", "@babel/runtime@^7.20.7", "@babel/runtime@^7.21.0":
  version "7.26.7"
  resolved "https://registry.yarnpkg.com/@babel/runtime/-/runtime-7.26.7.tgz#f4e7fe527cd710f8dc0618610b61b4b060c3c341"
  integrity sha512-AOPI3D+a8dXnja+iwsUqGRjr1BbZIe771sXdapOtYI531gSqpi92vXivKcq2asu/DFpdl1ceFAKZyRzK2PCVcQ==
  dependencies:
    regenerator-runtime "^0.14.0"

"@ctrl/tinycolor@^3.4.0", "@ctrl/tinycolor@^3.6.1":
  version "3.6.1"
  resolved "https://registry.yarnpkg.com/@ctrl/tinycolor/-/tinycolor-3.6.1.tgz#b6c75a56a1947cc916ea058772d666a2c8932f31"
  integrity sha512-SITSV6aIXsuVNV3f3O0f2n/cgyEDWoSqtZMYiAmcsYHydcKrOz3gUxB/iXd/Qf08+IZX4KpgNbvUdMBmWz+kcA==

"@next/env@12.3.4":
  version "12.3.4"
  resolved "https://registry.yarnpkg.com/@next/env/-/env-12.3.4.tgz#c787837d36fcad75d72ff8df6b57482027d64a47"
  integrity sha512-H/69Lc5Q02dq3o+dxxy5O/oNxFsZpdL6WREtOOtOM1B/weonIwDXkekr1KV5DPVPr12IHFPrMrcJQ6bgPMfn7A==

"@next/swc-android-arm-eabi@12.3.4":
  version "12.3.4"
  resolved "https://registry.yarnpkg.com/@next/swc-android-arm-eabi/-/swc-android-arm-eabi-12.3.4.tgz#fd1c2dafe92066c6120761c6a39d19e666dc5dd0"
  integrity sha512-cM42Cw6V4Bz/2+j/xIzO8nK/Q3Ly+VSlZJTa1vHzsocJRYz8KT6MrreXaci2++SIZCF1rVRCDgAg5PpqRibdIA==

"@next/swc-android-arm64@12.3.4":
  version "12.3.4"
  resolved "https://registry.yarnpkg.com/@next/swc-android-arm64/-/swc-android-arm64-12.3.4.tgz#11a146dae7b8bca007239b21c616e83f77b19ed4"
  integrity sha512-5jf0dTBjL+rabWjGj3eghpLUxCukRhBcEJgwLedewEA/LJk2HyqCvGIwj5rH+iwmq1llCWbOky2dO3pVljrapg==

"@next/swc-darwin-arm64@12.3.4":
  version "12.3.4"
  resolved "https://registry.yarnpkg.com/@next/swc-darwin-arm64/-/swc-darwin-arm64-12.3.4.tgz#14ac8357010c95e67327f47082af9c9d75d5be79"
  integrity sha512-DqsSTd3FRjQUR6ao0E1e2OlOcrF5br+uegcEGPVonKYJpcr0MJrtYmPxd4v5T6UCJZ+XzydF7eQo5wdGvSZAyA==

"@next/swc-darwin-x64@12.3.4":
  version "12.3.4"
  resolved "https://registry.yarnpkg.com/@next/swc-darwin-x64/-/swc-darwin-x64-12.3.4.tgz#e7dc63cd2ac26d15fb84d4d2997207fb9ba7da0f"
  integrity sha512-PPF7tbWD4k0dJ2EcUSnOsaOJ5rhT3rlEt/3LhZUGiYNL8KvoqczFrETlUx0cUYaXe11dRA3F80Hpt727QIwByQ==

"@next/swc-freebsd-x64@12.3.4":
  version "12.3.4"
  resolved "https://registry.yarnpkg.com/@next/swc-freebsd-x64/-/swc-freebsd-x64-12.3.4.tgz#fe7ceec58746fdf03f1fcb37ec1331c28e76af93"
  integrity sha512-KM9JXRXi/U2PUM928z7l4tnfQ9u8bTco/jb939pdFUHqc28V43Ohd31MmZD1QzEK4aFlMRaIBQOWQZh4D/E5lQ==

"@next/swc-linux-arm-gnueabihf@12.3.4":
  version "12.3.4"
  resolved "https://registry.yarnpkg.com/@next/swc-linux-arm-gnueabihf/-/swc-linux-arm-gnueabihf-12.3.4.tgz#d7016934d02bfc8bd69818ffb0ae364b77b17af7"
  integrity sha512-3zqD3pO+z5CZyxtKDTnOJ2XgFFRUBciOox6EWkoZvJfc9zcidNAQxuwonUeNts6Xbm8Wtm5YGIRC0x+12YH7kw==

"@next/swc-linux-arm64-gnu@12.3.4":
  version "12.3.4"
  resolved "https://registry.yarnpkg.com/@next/swc-linux-arm64-gnu/-/swc-linux-arm64-gnu-12.3.4.tgz#43a7bc409b03487bff5beb99479cacdc7bd29af5"
  integrity sha512-kiX0vgJGMZVv+oo1QuObaYulXNvdH/IINmvdZnVzMO/jic/B8EEIGlZ8Bgvw8LCjH3zNVPO3mGrdMvnEEPEhKA==

"@next/swc-linux-arm64-musl@12.3.4":
  version "12.3.4"
  resolved "https://registry.yarnpkg.com/@next/swc-linux-arm64-musl/-/swc-linux-arm64-musl-12.3.4.tgz#4d1db6de6dc982b974cd1c52937111e3e4a34bd3"
  integrity sha512-EETZPa1juczrKLWk5okoW2hv7D7WvonU+Cf2CgsSoxgsYbUCZ1voOpL4JZTOb6IbKMDo6ja+SbY0vzXZBUMvkQ==

"@next/swc-linux-x64-gnu@12.3.4":
  version "12.3.4"
  resolved "https://registry.yarnpkg.com/@next/swc-linux-x64-gnu/-/swc-linux-x64-gnu-12.3.4.tgz#c3b414d77bab08b35f7dd8943d5586f0adb15e38"
  integrity sha512-4csPbRbfZbuWOk3ATyWcvVFdD9/Rsdq5YHKvRuEni68OCLkfy4f+4I9OBpyK1SKJ00Cih16NJbHE+k+ljPPpag==

"@next/swc-linux-x64-musl@12.3.4":
  version "12.3.4"
  resolved "https://registry.yarnpkg.com/@next/swc-linux-x64-musl/-/swc-linux-x64-musl-12.3.4.tgz#187a883ec09eb2442a5ebf126826e19037313c61"
  integrity sha512-YeBmI+63Ro75SUiL/QXEVXQ19T++58aI/IINOyhpsRL1LKdyfK/35iilraZEFz9bLQrwy1LYAR5lK200A9Gjbg==

"@next/swc-win32-arm64-msvc@12.3.4":
  version "12.3.4"
  resolved "https://registry.yarnpkg.com/@next/swc-win32-arm64-msvc/-/swc-win32-arm64-msvc-12.3.4.tgz#89befa84e453ed2ef9a888f375eba565a0fde80b"
  integrity sha512-Sd0qFUJv8Tj0PukAYbCCDbmXcMkbIuhnTeHm9m4ZGjCf6kt7E/RMs55Pd3R5ePjOkN7dJEuxYBehawTR/aPDSQ==

"@next/swc-win32-ia32-msvc@12.3.4":
  version "12.3.4"
  resolved "https://registry.yarnpkg.com/@next/swc-win32-ia32-msvc/-/swc-win32-ia32-msvc-12.3.4.tgz#cb50c08f0e40ead63642a7f269f0c8254261f17c"
  integrity sha512-rt/vv/vg/ZGGkrkKcuJ0LyliRdbskQU+91bje+PgoYmxTZf/tYs6IfbmgudBJk6gH3QnjHWbkphDdRQrseRefQ==

"@next/swc-win32-x64-msvc@12.3.4":
  version "12.3.4"
  resolved "https://registry.yarnpkg.com/@next/swc-win32-x64-msvc/-/swc-win32-x64-msvc-12.3.4.tgz#d28ea15a72cdcf96201c60a43e9630cd7fda168f"
  integrity sha512-DQ20JEfTBZAgF8QCjYfJhv2/279M6onxFjdG/+5B0Cyj00/EdBxiWb2eGGFgQhrBbNv/lsvzFbbi0Ptf8Vw/bg==

"@rc-component/portal@^1.0.0-8", "@rc-component/portal@^1.0.2", "@rc-component/portal@^1.1.1":
  version "1.1.2"
  resolved "https://registry.yarnpkg.com/@rc-component/portal/-/portal-1.1.2.tgz#55db1e51d784e034442e9700536faaa6ab63fc71"
  integrity sha512-6f813C0IsasTZms08kfA8kPAGxbbkYToa8ALaiDIGGECU4i9hj8Plgbx0sNJDrey3EtHO30hmdaxtT0138xZcg==
  dependencies:
    "@babel/runtime" "^7.18.0"
    classnames "^2.3.2"
    rc-util "^5.24.4"

"@swc/helpers@0.4.11":
  version "0.4.11"
  resolved "https://registry.yarnpkg.com/@swc/helpers/-/helpers-0.4.11.tgz#db23a376761b3d31c26502122f349a21b592c8de"
  integrity sha512-rEUrBSGIoSFuYxwBYtlUFMlE2CwGhmW+w9355/5oduSw8e5h2+Tj4UrAGNNgP9915++wj5vkQo0UuOBqOAq4nw==
  dependencies:
    tslib "^2.4.0"

"@types/node@*":
  version "22.12.0"
  resolved "https://registry.yarnpkg.com/@types/node/-/node-22.12.0.tgz#bf8af3b2af0837b5a62a368756ff2b705ae0048c"
  integrity sha512-Fll2FZ1riMjNmlmJOdAyY5pUbkftXslB5DgEzlIuNaiWhXd00FhWxVC/r4yV/4wBb9JfImTu+jiSvXTkJ7F/gA==
  dependencies:
    undici-types "~6.20.0"

"@types/node@^17.0.44":
  version "17.0.45"
  resolved "https://registry.yarnpkg.com/@types/node/-/node-17.0.45.tgz#2c0fafd78705e7a18b7906b5201a522719dc5190"
  integrity sha512-w+tIMs3rq2afQdsPJlODhoUEKzFP1ayaoyl1CcnwtIlsVe7K7bA1NGm4s3PraqTLlXnbIN84zuBlxBWo1u9BLw==

"@types/prop-types@*":
  version "15.7.14"
  resolved "https://registry.yarnpkg.com/@types/prop-types/-/prop-types-15.7.14.tgz#1433419d73b2a7ebfc6918dcefd2ec0d5cd698f2"
  integrity sha512-gNMvNH49DJ7OJYv+KAKn0Xp45p8PLl6zo2YnvDIbTd4J6MER2BmWN49TG7n9LvkyihINxeKW8+3bfS2yDC9dzQ==

"@types/react@^18.0.20":
  version "18.3.18"
  resolved "https://registry.yarnpkg.com/@types/react/-/react-18.3.18.tgz#9b382c4cd32e13e463f97df07c2ee3bbcd26904b"
  integrity sha512-t4yC+vtgnkYjNSKlFx1jkAhH8LgTo2N/7Qvi83kdEaUtMDiwpbLAktKDaAMlRcJ5eSxZkH74eEGt1ky31d7kfQ==
  dependencies:
    "@types/prop-types" "*"
    csstype "^3.0.2"

"@vercel/node-bridge@2.2.2":
  version "2.2.2"
  resolved "https://registry.yarnpkg.com/@vercel/node-bridge/-/node-bridge-2.2.2.tgz#f63466ab6a2588afdc6262c2d060289bfe8baa6b"
  integrity sha512-haGBC8noyA5BfjCRXRH+VIkHCDVW5iD5UX24P2nOdilwUxI4qWsattS/co8QBGq64XsNLRAMdM5pQUE3zxkF9Q==

"@vercel/node@^1.15.4":
  version "1.15.4"
  resolved "https://registry.yarnpkg.com/@vercel/node/-/node-1.15.4.tgz#dd55b510492158873c773017ecd3d2bf75f67258"
  integrity sha512-45fV7qVVw1cWCD6tWBXH0i4pSfYck4yF2qNKlJb1gmbO9JHWRqMYm0uxNWISD6E6Z69Pl1KDvfa+l48w/qEkaw==
  dependencies:
    "@types/node" "*"
    "@vercel/node-bridge" "2.2.2"
    ts-node "8.9.1"
    typescript "4.3.4"

antd@^4.23.2:
  version "4.24.16"
  resolved "https://registry.yarnpkg.com/antd/-/antd-4.24.16.tgz#19206b6082e25a9900ba486655f9a55fe405d672"
  integrity sha512-zZrK4UYxHtU6tGOOf0uG/kBRx1kTvypfuSB3GqE/SBQxFhZ/TZ+yj7Z1qwI8vGfMtUUJdLeuoCAqGDa1zPsXnQ==
  dependencies:
    "@ant-design/colors" "^6.0.0"
    "@ant-design/icons" "^4.8.2"
    "@ant-design/react-slick" "~1.0.2"
    "@babel/runtime" "^7.18.3"
    "@ctrl/tinycolor" "^3.6.1"
    classnames "^2.2.6"
    copy-to-clipboard "^3.2.0"
    lodash "^4.17.21"
    moment "^2.29.2"
    rc-cascader "~3.7.3"
    rc-checkbox "~3.0.1"
    rc-collapse "~3.4.2"
    rc-dialog "~9.0.2"
    rc-drawer "~6.3.0"
    rc-dropdown "~4.0.1"
    rc-field-form "~1.38.2"
    rc-image "~5.13.0"
    rc-input "~0.1.4"
    rc-input-number "~7.3.11"
    rc-mentions "~1.13.1"
    rc-menu "~9.8.4"
    rc-motion "^2.9.0"
    rc-notification "~4.6.1"
    rc-pagination "~3.2.0"
    rc-picker "~2.7.6"
    rc-progress "~3.4.2"
    rc-rate "~2.9.3"
    rc-resize-observer "^1.3.1"
    rc-segmented "~2.3.0"
    rc-select "~14.1.18"
    rc-slider "~10.0.1"
    rc-steps "~5.0.0"
    rc-switch "~3.2.2"
    rc-table "~7.26.0"
    rc-tabs "~12.5.10"
    rc-textarea "~0.4.7"
    rc-tooltip "~5.2.2"
    rc-tree "~5.7.12"
    rc-tree-select "~5.5.5"
    rc-trigger "^5.3.4"
    rc-upload "~4.3.6"
    rc-util "^5.37.0"
    scroll-into-view-if-needed "^2.2.25"

arg@^4.1.0:
  version "4.1.3"
  resolved "https://registry.yarnpkg.com/arg/-/arg-4.1.3.tgz#269fc7ad5b8e42cb63c896d5666017261c144089"
  integrity sha512-58S9QDqG0Xx27YwPSt9fJxivjYl432YCwfDMfZ+71RAqUrZef7LrKQZ3LHLOwCS4FLNBplP533Zx895SeOCHvA==

array-tree-filter@^2.1.0:
  version "2.1.0"
  resolved "https://registry.yarnpkg.com/array-tree-filter/-/array-tree-filter-2.1.0.tgz#873ac00fec83749f255ac8dd083814b4f6329190"
  integrity sha512-4ROwICNlNw/Hqa9v+rk5h22KjmzB1JGTMVKP2AKJBOCgb0yL0ASf0+YvCcLNNwquOHNX48jkeZIJ3a+oOQqKcw==

async-validator@^4.1.0:
  version "4.2.5"
  resolved "https://registry.yarnpkg.com/async-validator/-/async-validator-4.2.5.tgz#c96ea3332a521699d0afaaceed510a54656c6339"
  integrity sha512-7HhHjtERjqlNbZtqNqy2rckN/SpOOlmDliet+lP7k+eKZEjPk3DgyeU9lIXLdeLz0uBbbVp+9Qdow9wJWgwwfg==

asynckit@^0.4.0:
  version "0.4.0"
  resolved "https://registry.yarnpkg.com/asynckit/-/asynckit-0.4.0.tgz#c79ed97f7f34cb8f2ba1bc9790bcc366474b4b79"
  integrity sha512-Oei9OH4tRh0YqU3GxhX79dM/mwVgvbZJaSNaRk+bshkj0S5cfHcgYakreBjrHwatXKbz+IoIdYLxrKim2MjW0Q==

axios@^0.27.2:
  version "0.27.2"
  resolved "https://registry.yarnpkg.com/axios/-/axios-0.27.2.tgz#207658cc8621606e586c85db4b41a750e756d972"
  integrity sha512-t+yRIyySRTp/wua5xEr+z1q60QmLq8ABsS5O9Me1AsE5dfKqgnCFzwiCZZ/cGNd1lq4/7akDWMxdhVlucjmnOQ==
  dependencies:
    follow-redirects "^1.14.9"
    form-data "^4.0.0"

bl@^2.2.1:
  version "2.2.1"
  resolved "https://registry.yarnpkg.com/bl/-/bl-2.2.1.tgz#8c11a7b730655c5d56898cdc871224f40fd901d5"
  integrity sha512-6Pesp1w0DEX1N550i/uGV/TqucVL4AM/pgThFSN/Qq9si1/DF9aIHs1BxD8V/QU0HoeHO6cQRTAuYnLPKq1e4g==
  dependencies:
    readable-stream "^2.3.5"
    safe-buffer "^5.1.1"

bson@^1.1.4:
  version "1.1.6"
  resolved "https://registry.yarnpkg.com/bson/-/bson-1.1.6.tgz#fb819be9a60cd677e0853aee4ca712a785d6618a"
  integrity sha512-EvVNVeGo4tHxwi8L6bPj3y3itEvStdwvvlojVxxbyYfoaxJ6keLgrTuKdyfEAszFK+H3olzBuafE0yoh0D1gdg==

buffer-from@^1.0.0:
  version "1.1.2"
  resolved "https://registry.yarnpkg.com/buffer-from/-/buffer-from-1.1.2.tgz#2b146a6fd72e80b4f55d255f35ed59a3a9a41bd5"
  integrity sha512-E+XQCRwSbaaiChtv6k6Dwgc+bx+Bs6vuKJHHl5kox/BaKbhiXzqQOwK4cO22yElGp2OCmjwVhT3HmxgyPGnJfQ==

caniuse-lite@^1.0.30001406:
  version "1.0.30001695"
  resolved "https://registry.yarnpkg.com/caniuse-lite/-/caniuse-lite-1.0.30001695.tgz#39dfedd8f94851132795fdf9b79d29659ad9c4d4"
  integrity sha512-vHyLade6wTgI2u1ec3WQBxv+2BrTERV28UXQu9LO6lZ9pYeMk34vjXFLOxo1A4UBA8XTL4njRQZdno/yYaSmWw==

classnames@2.x, classnames@^2.2.1, classnames@^2.2.3, classnames@^2.2.5, classnames@^2.2.6, classnames@^2.3.1, classnames@^2.3.2:
  version "2.5.1"
  resolved "https://registry.yarnpkg.com/classnames/-/classnames-2.5.1.tgz#ba774c614be0f016da105c858e7159eae8e7687b"
  integrity sha512-saHYOzhIQs6wy2sVxTM6bUDsQO4F50V9RQ22qBpEdCW+I+/Wmke2HOl6lS6dTpdxVhb88/I6+Hs+438c3lfUow==

combined-stream@^1.0.8:
  version "1.0.8"
  resolved "https://registry.yarnpkg.com/combined-stream/-/combined-stream-1.0.8.tgz#c3d45a8b34fd730631a110a8a2520682b31d5a7f"
  integrity sha512-FQN4MRfuJeHf7cBbBMJFXhKSDq+2kAArBlmRBvcvFE5BB1HZKXtSFASDhdlz9zOYwxh8lDdnvmMOe/+5cdoEdg==
  dependencies:
    delayed-stream "~1.0.0"

compute-scroll-into-view@^1.0.20:
  version "1.0.20"
  resolved "https://registry.yarnpkg.com/compute-scroll-into-view/-/compute-scroll-into-view-1.0.20.tgz#1768b5522d1172754f5d0c9b02de3af6be506a43"
  integrity sha512-UCB0ioiyj8CRjtrvaceBLqqhZCVP+1B8+NWQhmdsm0VXOJtobBCf1dBQmebCCo34qZmUwZfIH2MZLqNHazrfjg==

copy-to-clipboard@^3.2.0:
  version "3.3.3"
  resolved "https://registry.yarnpkg.com/copy-to-clipboard/-/copy-to-clipboard-3.3.3.tgz#55ac43a1db8ae639a4bd99511c148cdd1b83a1b0"
  integrity sha512-2KV8NhB5JqC3ky0r9PMCAZKbUHSwtEo4CwCs0KXgruG43gX5PMqDEBbVU4OUzw2MuAWUfsuFmWvEKG5QRfSnJA==
  dependencies:
    toggle-selection "^1.0.6"

core-util-is@~1.0.0:
  version "1.0.3"
  resolved "https://registry.yarnpkg.com/core-util-is/-/core-util-is-1.0.3.tgz#a6042d3634c2b27e9328f837b965fac83808db85"
  integrity sha512-ZQBvi1DcpJ4GDqanjucZ2Hj3wEO5pZDS89BWbkcrvdxksJorwUDDZamX9ldFkp9aw2lmBDLgkObEA4DWNJ9FYQ==

csstype@^3.0.2:
  version "3.1.3"
  resolved "https://registry.yarnpkg.com/csstype/-/csstype-3.1.3.tgz#d80ff294d114fb0e6ac500fbf85b60137d7eff81"
  integrity sha512-M1uQkMl8rQK/szD0LNhtqxIPLpimGm8sOBwU7lLnCpSbTyY3yeU1Vc7l4KT5zT4s/yOxHH5O7tIuuLOCnLADRw==

date-fns@2.x:
  version "2.30.0"
  resolved "https://registry.yarnpkg.com/date-fns/-/date-fns-2.30.0.tgz#f367e644839ff57894ec6ac480de40cae4b0f4d0"
  integrity sha512-fnULvOpxnC5/Vg3NCiWelDsLiUc9bRwAPs/+LfTLNvetFCtCTN+yQz15C/fs4AwX1R9K5GLtLfn8QW+dWisaAw==
  dependencies:
    "@babel/runtime" "^7.21.0"

dayjs@1.x:
  version "1.11.13"
  resolved "https://registry.yarnpkg.com/dayjs/-/dayjs-1.11.13.tgz#92430b0139055c3ebb60150aa13e860a4b5a366c"
  integrity sha512-oaMBel6gjolK862uaPQOVTA7q3TZhuSvuMQAAglQDOWYO9A91IrAOUJEyKVlqJlHE0vq5p5UXxzdPfMH/x6xNg==

delayed-stream@~1.0.0:
  version "1.0.0"
  resolved "https://registry.yarnpkg.com/delayed-stream/-/delayed-stream-1.0.0.tgz#df3ae199acadfb7d440aaae0b29e2272b24ec619"
  integrity sha512-ZySD7Nf91aLB0RxL4KGrKHBXl7Eds1DAmEdcoVawXnLD7SDhpNgtuII2aAkg7a7QS41jxPSZ17p4VdGnMHk3MQ==

denque@^1.4.1:
  version "1.5.1"
  resolved "https://registry.yarnpkg.com/denque/-/denque-1.5.1.tgz#07f670e29c9a78f8faecb2566a1e2c11929c5cbf"
  integrity sha512-XwE+iZ4D6ZUB7mfYRMb5wByE8L74HCn30FBN7sWnXksWc1LO1bPDl67pBR9o/kC4z/xSNAwkMYcGgqDV3BE3Hw==

diff@^4.0.1:
  version "4.0.2"
  resolved "https://registry.yarnpkg.com/diff/-/diff-4.0.2.tgz#60f3aecb89d5fae520c11aa19efc2bb982aade7d"
  integrity sha512-58lmxKSA4BNyLz+HHMUzlOEpg09FV+ev6ZMe3vJihgdxzgcwZ8VoEEPmALCZG9LmqfVoNMMKpttIYTVG6uDY7A==

dom-align@^1.7.0:
  version "1.12.4"
  resolved "https://registry.yarnpkg.com/dom-align/-/dom-align-1.12.4.tgz#3503992eb2a7cfcb2ed3b2a6d21e0b9c00d54511"
  integrity sha512-R8LUSEay/68zE5c8/3BDxiTEvgb4xZTF0RKmAHfiEVN3klfIpXfi2/QCoiWPccVQ0J/ZGdz9OjzL4uJEP/MRAw==

follow-redirects@^1.14.9:
  version "1.15.9"
  resolved "https://registry.yarnpkg.com/follow-redirects/-/follow-redirects-1.15.9.tgz#a604fa10e443bf98ca94228d9eebcc2e8a2c8ee1"
  integrity sha512-gew4GsXizNgdoRyqmyfMHyAmXsZDk6mHkSxZFCzW9gwlbtOW44CDtYavM+y+72qD/Vq2l550kMF52DT8fOLJqQ==

form-data@^4.0.0:
  version "4.0.1"
  resolved "https://registry.yarnpkg.com/form-data/-/form-data-4.0.1.tgz#ba1076daaaa5bfd7e99c1a6cb02aa0a5cff90d48"
  integrity sha512-tzN8e4TX8+kkxGPK8D5u0FNmjPUjw3lwC9lSLxxoB/+GtsJG91CO8bSWy73APlgAZzZbXEYZJuxjkHH2w+Ezhw==
  dependencies:
    asynckit "^0.4.0"
    combined-stream "^1.0.8"
    mime-types "^2.1.12"

inherits@~2.0.3:
  version "2.0.4"
  resolved "https://registry.yarnpkg.com/inherits/-/inherits-2.0.4.tgz#0fa2c64f932917c3433a0ded55363aae37416b7c"
  integrity sha512-k/vGaX4/Yla3WzyMCvTQOXYeIHvqOKtnqBduzTHpzpQZzAskKMhZ2K+EnBiSM9zGSoIFeMpXKxa4dYeZIQqewQ==

isarray@~1.0.0:
  version "1.0.0"
  resolved "https://registry.yarnpkg.com/isarray/-/isarray-1.0.0.tgz#bb935d48582cba168c06834957a54a3e07124f11"
  integrity sha512-VLghIWNM6ELQzo7zwmcg0NmTVyWKYjvIeM83yjp0wRDTmUnrM678fQbcKBo6n2CJEF0szoG//ytg+TKla89ALQ==

"js-tokens@^3.0.0 || ^4.0.0":
  version "4.0.0"
  resolved "https://registry.yarnpkg.com/js-tokens/-/js-tokens-4.0.0.tgz#19203fb59991df98e3a287050d4647cdeaf32499"
  integrity sha512-RdJUflcE3cUzKiMqQgsCu06FPu9UdIJO0beYbPhHN4k6apgJtifcoCtT9bcxOpYBtpD2kCM6Sbzg4CausW/PKQ==

json2mq@^0.2.0:
  version "0.2.0"
  resolved "https://registry.yarnpkg.com/json2mq/-/json2mq-0.2.0.tgz#b637bd3ba9eabe122c83e9720483aeb10d2c904a"
  integrity sha512-SzoRg7ux5DWTII9J2qkrZrqV1gt+rTaoufMxEzXbS26Uid0NwaJd123HcoB80TgubEppxxIGdNxCx50fEoEWQA==
  dependencies:
    string-convert "^0.2.0"

lodash@^4.17.15, lodash@^4.17.21:
  version "4.17.21"
  resolved "https://registry.yarnpkg.com/lodash/-/lodash-4.17.21.tgz#679591c564c3bffaae8454cf0b3df370c3d6911c"
  integrity sha512-v2kDEe57lecTulaDIuNTPy3Ry4gLGJ6Z1O3vE1krgXZNrsQ+LFTGHVxVjcXPs17LhbZVGedAJv8XZ1tvj5FvSg==

loose-envify@^1.1.0:
  version "1.4.0"
  resolved "https://registry.yarnpkg.com/loose-envify/-/loose-envify-1.4.0.tgz#71ee51fa7be4caec1a63839f7e682d8132d30caf"
  integrity sha512-lyuxPGr/Wfhrlem2CL/UcnUc1zcqKAImBDzukY7Y5F/yQiNdko6+fRLevlw1HgMySw7f611UIY408EtxRSoK3Q==
  dependencies:
    js-tokens "^3.0.0 || ^4.0.0"

make-error@^1.1.1:
  version "1.3.6"
  resolved "https://registry.yarnpkg.com/make-error/-/make-error-1.3.6.tgz#2eb2e37ea9b67c4891f684a1394799af484cf7a2"
  integrity sha512-s8UhlNe7vPKomQhC1qFelMokr/Sc3AgNbso3n74mVPA5LTZwkB9NlXf4XPamLxJE8h0gh73rM94xvwRT2CVInw==

memory-pager@^1.0.2:
  version "1.5.0"
  resolved "https://registry.yarnpkg.com/memory-pager/-/memory-pager-1.5.0.tgz#d8751655d22d384682741c972f2c3d6dfa3e66b5"
  integrity sha512-ZS4Bp4r/Zoeq6+NLJpP+0Zzm0pR8whtGPf1XExKLJBAczGMnSi3It14OiNCStjQjM6NU1okjQGSxgEZN8eBYKg==

mime-db@1.52.0:
  version "1.52.0"
  resolved "https://registry.yarnpkg.com/mime-db/-/mime-db-1.52.0.tgz#bbabcdc02859f4987301c856e3387ce5ec43bf70"
  integrity sha512-sPU4uV7dYlvtWJxwwxHD0PuihVNiE7TyAbQ5SWxDCB9mUYvOgroQOwYQQOKPJ8CIbE+1ETVlOoK1UC2nU3gYvg==

mime-types@^2.1.12:
  version "2.1.35"
  resolved "https://registry.yarnpkg.com/mime-types/-/mime-types-2.1.35.tgz#381a871b62a734450660ae3deee44813f70d959a"
  integrity sha512-ZDY+bPm5zTTF+YpCrAU9nK0UgICYPT0QtT1NZWFv4s++TNkcgVaT0g6+4R2uI4MjQjzysHB1zxuWL50hzaeXiw==
  dependencies:
    mime-db "1.52.0"

moment@^2.24.0, moment@^2.29.2:
  version "2.30.1"
  resolved "https://registry.yarnpkg.com/moment/-/moment-2.30.1.tgz#f8c91c07b7a786e30c59926df530b4eac96974ae"
  integrity sha512-uEmtNhbDOrWPFS+hdjFCBfy9f2YoyzRpwcl+DqpC6taX21FzsTLQVbMV/W7PzNSX6x/bhC1zA3c2UQ5NzH6how==

mongodb@^3.7.3:
  version "3.7.4"
  resolved "https://registry.yarnpkg.com/mongodb/-/mongodb-3.7.4.tgz#119530d826361c3e12ac409b769796d6977037a4"
  integrity sha512-K5q8aBqEXMwWdVNh94UQTwZ6BejVbFhh1uB6c5FKtPE9eUMZPUO3sRZdgIEcHSrAWmxzpG/FeODDKL388sqRmw==
  dependencies:
    bl "^2.2.1"
    bson "^1.1.4"
    denque "^1.4.1"
    optional-require "^1.1.8"
    safe-buffer "^5.1.2"
  optionalDependencies:
    saslprep "^1.0.0"

nanoid@^3.3.4:
  version "3.3.8"
  resolved "https://registry.yarnpkg.com/nanoid/-/nanoid-3.3.8.tgz#b1be3030bee36aaff18bacb375e5cce521684baf"
  integrity sha512-WNLf5Sd8oZxOm+TzppcYk8gVOgP+l58xNy58D0nbUnOxOWRWvlcCV4kUF7ltmI6PsrLl/BgKEyS4mqsGChFN0w==

nanoid@^5.0.9:
  version "5.0.9"
  resolved "https://registry.yarnpkg.com/nanoid/-/nanoid-5.0.9.tgz#977dcbaac055430ce7b1e19cf0130cea91a20e50"
  integrity sha512-Aooyr6MXU6HpvvWXKoVoXwKMs/KyVakWwg7xQfv5/S/RIgJMy0Ifa45H9qqYy7pTCszrHzP21Uk4PZq2HpEM8Q==

next@^12.3.1:
  version "12.3.4"
  resolved "https://registry.yarnpkg.com/next/-/next-12.3.4.tgz#f2780a6ebbf367e071ce67e24bd8a6e05de2fcb1"
  integrity sha512-VcyMJUtLZBGzLKo3oMxrEF0stxh8HwuW976pAzlHhI3t8qJ4SROjCrSh1T24bhrbjw55wfZXAbXPGwPt5FLRfQ==
  dependencies:
    "@next/env" "12.3.4"
    "@swc/helpers" "0.4.11"
    caniuse-lite "^1.0.30001406"
    postcss "8.4.14"
    styled-jsx "5.0.7"
    use-sync-external-store "1.2.0"
  optionalDependencies:
    "@next/swc-android-arm-eabi" "12.3.4"
    "@next/swc-android-arm64" "12.3.4"
    "@next/swc-darwin-arm64" "12.3.4"
    "@next/swc-darwin-x64" "12.3.4"
    "@next/swc-freebsd-x64" "12.3.4"
    "@next/swc-linux-arm-gnueabihf" "12.3.4"
    "@next/swc-linux-arm64-gnu" "12.3.4"
    "@next/swc-linux-arm64-musl" "12.3.4"
    "@next/swc-linux-x64-gnu" "12.3.4"
    "@next/swc-linux-x64-musl" "12.3.4"
    "@next/swc-win32-arm64-msvc" "12.3.4"
    "@next/swc-win32-ia32-msvc" "12.3.4"
    "@next/swc-win32-x64-msvc" "12.3.4"

optional-require@^1.1.8:
  version "1.1.8"
  resolved "https://registry.yarnpkg.com/optional-require/-/optional-require-1.1.8.tgz#16364d76261b75d964c482b2406cb824d8ec44b7"
  integrity sha512-jq83qaUb0wNg9Krv1c5OQ+58EK+vHde6aBPzLvPPqJm89UQWsvSuFy9X/OSNJnFeSOKo7btE0n8Nl2+nE+z5nA==
  dependencies:
    require-at "^1.0.6"

picocolors@^1.0.0:
  version "1.1.1"
  resolved "https://registry.yarnpkg.com/picocolors/-/picocolors-1.1.1.tgz#3d321af3eab939b083c8f929a1d12cda81c26b6b"
  integrity sha512-xceH2snhtb5M9liqDsmEw56le376mTZkEX/jEb/RxNFyegNul7eNslCXP9FDj/Lcu0X8KEyMceP2ntpaHrDEVA==

postcss@8.4.14:
  version "8.4.14"
  resolved "https://registry.yarnpkg.com/postcss/-/postcss-8.4.14.tgz#ee9274d5622b4858c1007a74d76e42e56fd21caf"
  integrity sha512-E398TUmfAYFPBSdzgeieK2Y1+1cpdxJx8yXbK/m57nRhKSmk1GB2tO4lbLBtlkfPQTDKfe4Xqv1ASWPpayPEig==
  dependencies:
    nanoid "^3.3.4"
    picocolors "^1.0.0"
    source-map-js "^1.0.2"

process-nextick-args@~2.0.0:
  version "2.0.1"
  resolved "https://registry.yarnpkg.com/process-nextick-args/-/process-nextick-args-2.0.1.tgz#7820d9b16120cc55ca9ae7792680ae7dba6d7fe2"
  integrity sha512-3ouUOpQhtgrbOa17J7+uxOTpITYWaGP7/AhoR3+A+/1e9skrzelGi/dXzEYyvbxubEF6Wn2ypscTKiKJFFn1ag==

rc-align@^4.0.0:
  version "4.0.15"
  resolved "https://registry.yarnpkg.com/rc-align/-/rc-align-4.0.15.tgz#2bbd665cf85dfd0b0244c5a752b07565e9098577"
  integrity sha512-wqJtVH60pka/nOX7/IspElA8gjPNQKIx/ZqJ6heATCkXpe1Zg4cPVrMD2vC96wjsFFL8WsmhPbx9tdMo1qqlIA==
  dependencies:
    "@babel/runtime" "^7.10.1"
    classnames "2.x"
    dom-align "^1.7.0"
    rc-util "^5.26.0"
    resize-observer-polyfill "^1.5.1"

rc-cascader@~3.7.3:
  version "3.7.3"
  resolved "https://registry.yarnpkg.com/rc-cascader/-/rc-cascader-3.7.3.tgz#1e2ad238b283f7226ce4c9f3a420a35cb63fcc82"
  integrity sha512-KBpT+kzhxDW+hxPiNk4zaKa99+Lie2/8nnI11XF+FIOPl4Bj9VlFZi61GrnWzhLGA7VEN+dTxAkNOjkySDa0dA==
  dependencies:
    "@babel/runtime" "^7.12.5"
    array-tree-filter "^2.1.0"
    classnames "^2.3.1"
    rc-select "~14.1.0"
    rc-tree "~5.7.0"
    rc-util "^5.6.1"

rc-checkbox@~3.0.1:
  version "3.0.1"
  resolved "https://registry.yarnpkg.com/rc-checkbox/-/rc-checkbox-3.0.1.tgz#f978771329be339d479cd81465eb2e2f8c82bc87"
  integrity sha512-k7nxDWxYF+jDI0ZcCvuvj71xONmWRVe5+1MKcERRR9MRyP3tZ69b+yUCSXXh+sik4/Hc9P5wHr2nnUoGS2zBjA==
  dependencies:
    "@babel/runtime" "^7.10.1"
    classnames "^2.3.2"
    rc-util "^5.25.2"

rc-collapse@~3.4.2:
  version "3.4.2"
  resolved "https://registry.yarnpkg.com/rc-collapse/-/rc-collapse-3.4.2.tgz#1310be7ad4cd0dcfc622c45f6c3b5ffdee403ad7"
  integrity sha512-jpTwLgJzkhAgp2Wpi3xmbTbbYExg6fkptL67Uu5LCRVEj6wqmy0DHTjjeynsjOLsppHGHu41t1ELntZ0lEvS/Q==
  dependencies:
    "@babel/runtime" "^7.10.1"
    classnames "2.x"
    rc-motion "^2.3.4"
    rc-util "^5.2.1"
    shallowequal "^1.1.0"

rc-dialog@~9.0.0, rc-dialog@~9.0.2:
  version "9.0.4"
  resolved "https://registry.yarnpkg.com/rc-dialog/-/rc-dialog-9.0.4.tgz#16c5a47aff0ee4e009f966e79926bef0451b6cda"
  integrity sha512-pmnPRZKd9CGzGgf4a1ysBvMhxm8Afx5fF6M7AzLtJ0qh8X1bshurDlqnK4MBNAB4hAeAMMbz6Ytb1rkGMvKFbQ==
  dependencies:
    "@babel/runtime" "^7.10.1"
    "@rc-component/portal" "^1.0.0-8"
    classnames "^2.2.6"
    rc-motion "^2.3.0"
    rc-util "^5.21.0"

rc-drawer@~6.3.0:
  version "6.3.0"
  resolved "https://registry.yarnpkg.com/rc-drawer/-/rc-drawer-6.3.0.tgz#f8af5fafbab19b83722360dcf93e966d8a2875ad"
  integrity sha512-uBZVb3xTAR+dBV53d/bUhTctCw3pwcwJoM7g5aX+7vgwt2zzVzoJ6aqFjYJpBlZ9zp0dVYN8fV+hykFE7c4lig==
  dependencies:
    "@babel/runtime" "^7.10.1"
    "@rc-component/portal" "^1.1.1"
    classnames "^2.2.6"
    rc-motion "^2.6.1"
    rc-util "^5.21.2"

rc-dropdown@~4.0.0, rc-dropdown@~4.0.1:
  version "4.0.1"
  resolved "https://registry.yarnpkg.com/rc-dropdown/-/rc-dropdown-4.0.1.tgz#f65d9d3d89750241057db59d5a75e43cd4576b68"
  integrity sha512-OdpXuOcme1rm45cR0Jzgfl1otzmU4vuBVb+etXM8vcaULGokAKVpKlw8p6xzspG7jGd/XxShvq+N3VNEfk/l5g==
  dependencies:
    "@babel/runtime" "^7.18.3"
    classnames "^2.2.6"
    rc-trigger "^5.3.1"
    rc-util "^5.17.0"

rc-field-form@~1.38.2:
  version "1.38.2"
  resolved "https://registry.yarnpkg.com/rc-field-form/-/rc-field-form-1.38.2.tgz#1eafac98eb84d47dc3b55de98ed50751d9852dd2"
  integrity sha512-O83Oi1qPyEv31Sg+Jwvsj6pXc8uQI2BtIAkURr5lvEYHVggXJhdU/nynK8wY1gbw0qR48k731sN5ON4egRCROA==
  dependencies:
    "@babel/runtime" "^7.18.0"
    async-validator "^4.1.0"
    rc-util "^5.32.2"

rc-image@~5.13.0:
  version "5.13.0"
  resolved "https://registry.yarnpkg.com/rc-image/-/rc-image-5.13.0.tgz#1ed9b852a40b5eff34786ba7d2f0e9d26eeab874"
  integrity sha512-iZTOmw5eWo2+gcrJMMcnd7SsxVHl3w5xlyCgsULUdJhJbnuI8i/AL0tVOsE7aLn9VfOh1qgDT3mC2G75/c7mqg==
  dependencies:
    "@babel/runtime" "^7.11.2"
    "@rc-component/portal" "^1.0.2"
    classnames "^2.2.6"
    rc-dialog "~9.0.0"
    rc-motion "^2.6.2"
    rc-util "^5.0.6"

rc-input-number@~7.3.11:
  version "7.3.11"
  resolved "https://registry.yarnpkg.com/rc-input-number/-/rc-input-number-7.3.11.tgz#c7089705a220e1a59ba974fabf89693e00dd2442"
  integrity sha512-aMWPEjFeles6PQnMqP5eWpxzsvHm9rh1jQOWXExUEIxhX62Fyl/ptifLHOn17+waDG1T/YUb6flfJbvwRhHrbA==
  dependencies:
    "@babel/runtime" "^7.10.1"
    classnames "^2.2.5"
    rc-util "^5.23.0"

rc-input@~0.1.4:
  version "0.1.4"
  resolved "https://registry.yarnpkg.com/rc-input/-/rc-input-0.1.4.tgz#45cb4ba209ae6cc835a2acb8629d4f8f0cb347e0"
  integrity sha512-FqDdNz+fV2dKNgfXzcSLKvC+jEs1709t7nD+WdfjrdSaOcefpgc7BUJYadc3usaING+b7ediMTfKxuJBsEFbXA==
  dependencies:
    "@babel/runtime" "^7.11.1"
    classnames "^2.2.1"
    rc-util "^5.18.1"

rc-mentions@~1.13.1:
  version "1.13.1"
  resolved "https://registry.yarnpkg.com/rc-mentions/-/rc-mentions-1.13.1.tgz#c884b70e1505a197f1b32a7c6b39090db6992a72"
  integrity sha512-FCkaWw6JQygtOz0+Vxz/M/NWqrWHB9LwqlY2RtcuFqWJNFK9njijOOzTSsBGANliGufVUzx/xuPHmZPBV0+Hgw==
  dependencies:
    "@babel/runtime" "^7.10.1"
    classnames "^2.2.6"
    rc-menu "~9.8.0"
    rc-textarea "^0.4.0"
    rc-trigger "^5.0.4"
    rc-util "^5.22.5"

rc-menu@~9.8.0, rc-menu@~9.8.4:
  version "9.8.4"
  resolved "https://registry.yarnpkg.com/rc-menu/-/rc-menu-9.8.4.tgz#58bf19d471e3c74ff4bcfdb0f02a3826ebe2553b"
  integrity sha512-lmw2j8I2fhdIzHmC9ajfImfckt0WDb2KVJJBBRIsxPEw2kGkEfjLMUoB1NgiNT/Q5cC8PdjGOGQjHJIJMwyNMw==
  dependencies:
    "@babel/runtime" "^7.10.1"
    classnames "2.x"
    rc-motion "^2.4.3"
    rc-overflow "^1.2.8"
    rc-trigger "^5.1.2"
    rc-util "^5.27.0"

rc-motion@^2.0.0, rc-motion@^2.0.1, rc-motion@^2.2.0, rc-motion@^2.3.0, rc-motion@^2.3.4, rc-motion@^2.4.3, rc-motion@^2.4.4, rc-motion@^2.6.1, rc-motion@^2.6.2, rc-motion@^2.9.0:
  version "2.9.5"
  resolved "https://registry.yarnpkg.com/rc-motion/-/rc-motion-2.9.5.tgz#12c6ead4fd355f94f00de9bb4f15df576d677e0c"
  integrity sha512-w+XTUrfh7ArbYEd2582uDrEhmBHwK1ZENJiSJVb7uRxdE7qJSYjbO2eksRXmndqyKqKoYPc9ClpPh5242mV1vA==
  dependencies:
    "@babel/runtime" "^7.11.1"
    classnames "^2.2.1"
    rc-util "^5.44.0"

rc-notification@~4.6.1:
  version "4.6.1"
  resolved "https://registry.yarnpkg.com/rc-notification/-/rc-notification-4.6.1.tgz#068e8674f4bd7926a447eca512915d4b41b15c91"
  integrity sha512-NSmFYwrrdY3+un1GvDAJQw62Xi9LNMSsoQyo95tuaYrcad5Bn9gJUL8AREufRxSQAQnr64u3LtP3EUyLYT6bhw==
  dependencies:
    "@babel/runtime" "^7.10.1"
    classnames "2.x"
    rc-motion "^2.2.0"
    rc-util "^5.20.1"

rc-overflow@^1.0.0, rc-overflow@^1.2.8:
  version "1.4.1"
  resolved "https://registry.yarnpkg.com/rc-overflow/-/rc-overflow-1.4.1.tgz#e1bcf0375979c24cffa2d87bf83a19ded5fcdf45"
  integrity sha512-3MoPQQPV1uKyOMVNd6SZfONi+f3st0r8PksexIdBTeIYbMX0Jr+k7pHEDvsXtR4BpCv90/Pv2MovVNhktKrwvw==
  dependencies:
    "@babel/runtime" "^7.11.1"
    classnames "^2.2.1"
    rc-resize-observer "^1.0.0"
    rc-util "^5.37.0"

rc-pagination@~3.2.0:
  version "3.2.0"
  resolved "https://registry.yarnpkg.com/rc-pagination/-/rc-pagination-3.2.0.tgz#4f2fdba9fdac0f48e5c9fb1141973818138af7e1"
  integrity sha512-5tIXjB670WwwcAJzAqp2J+cOBS9W3cH/WU1EiYwXljuZ4vtZXKlY2Idq8FZrnYBz8KhN3vwPo9CoV/SJS6SL1w==
  dependencies:
    "@babel/runtime" "^7.10.1"
    classnames "^2.2.1"

rc-picker@~2.7.6:
  version "2.7.6"
  resolved "https://registry.yarnpkg.com/rc-picker/-/rc-picker-2.7.6.tgz#03d855888d1878d8946bab77a3d24477fd3a0792"
  integrity sha512-H9if/BUJUZBOhPfWcPeT15JUI3/ntrG9muzERrXDkSoWmDj4yzmBvumozpxYrHwjcKnjyDGAke68d+whWwvhHA==
  dependencies:
    "@babel/runtime" "^7.10.1"
    classnames "^2.2.1"
    date-fns "2.x"
    dayjs "1.x"
    moment "^2.24.0"
    rc-trigger "^5.0.4"
    rc-util "^5.37.0"
    shallowequal "^1.1.0"

rc-progress@~3.4.2:
  version "3.4.2"
  resolved "https://registry.yarnpkg.com/rc-progress/-/rc-progress-3.4.2.tgz#f8df9ee95e790490171ab6b31bf07303cdc79980"
  integrity sha512-iAGhwWU+tsayP+Jkl9T4+6rHeQTG9kDz8JAHZk4XtQOcYN5fj9H34NXNEdRdZx94VUDHMqCb1yOIvi8eJRh67w==
  dependencies:
    "@babel/runtime" "^7.10.1"
    classnames "^2.2.6"
    rc-util "^5.16.1"

rc-rate@~2.9.3:
  version "2.9.3"
  resolved "https://registry.yarnpkg.com/rc-rate/-/rc-rate-2.9.3.tgz#b30a8043ffcb327bab053cd78508e07015d8a483"
  integrity sha512-2THssUSnRhtqIouQIIXqsZGzRczvp4WsH4WvGuhiwm+LG2fVpDUJliP9O1zeDOZvYfBE/Bup4SgHun/eCkbjgQ==
  dependencies:
    "@babel/runtime" "^7.10.1"
    classnames "^2.2.5"
    rc-util "^5.0.1"

rc-resize-observer@^1.0.0, rc-resize-observer@^1.1.0, rc-resize-observer@^1.3.1:
  version "1.4.3"
  resolved "https://registry.yarnpkg.com/rc-resize-observer/-/rc-resize-observer-1.4.3.tgz#4fd41fa561ba51362b5155a07c35d7c89a1ea569"
  integrity sha512-YZLjUbyIWox8E9i9C3Tm7ia+W7euPItNWSPX5sCcQTYbnwDb5uNpnLHQCG1f22oZWUhLw4Mv2tFmeWe68CDQRQ==
  dependencies:
    "@babel/runtime" "^7.20.7"
    classnames "^2.2.1"
    rc-util "^5.44.1"
    resize-observer-polyfill "^1.5.1"

rc-segmented@~2.3.0:
  version "2.3.0"
  resolved "https://registry.yarnpkg.com/rc-segmented/-/rc-segmented-2.3.0.tgz#b3fe080fb434a266c02e30bb62a47d2c6e094341"
  integrity sha512-I3FtM5Smua/ESXutFfb8gJ8ZPcvFR+qUgeeGFQHBOvRiRKyAk4aBE5nfqrxXx+h8/vn60DQjOt6i4RNtrbOobg==
  dependencies:
    "@babel/runtime" "^7.11.1"
    classnames "^2.2.1"
    rc-motion "^2.4.4"
    rc-util "^5.17.0"

rc-select@~14.1.0, rc-select@~14.1.18:
  version "14.1.18"
  resolved "https://registry.yarnpkg.com/rc-select/-/rc-select-14.1.18.tgz#f1d95233132cda9c1485963254255b83e97a37a9"
  integrity sha512-4JgY3oG2Yz68ECMUSCON7mtxuJvCSj+LJpHEg/AONaaVBxIIrmI/ZTuMJkyojall/X50YdBe5oMKqHHPNiPzEg==
  dependencies:
    "@babel/runtime" "^7.10.1"
    classnames "2.x"
    rc-motion "^2.0.1"
    rc-overflow "^1.0.0"
    rc-trigger "^5.0.4"
    rc-util "^5.16.1"
    rc-virtual-list "^3.2.0"

rc-slider@~10.0.1:
  version "10.0.1"
  resolved "https://registry.yarnpkg.com/rc-slider/-/rc-slider-10.0.1.tgz#7058c68ff1e1aa4e7c3536e5e10128bdbccb87f9"
  integrity sha512-igTKF3zBet7oS/3yNiIlmU8KnZ45npmrmHlUUio8PNbIhzMcsh+oE/r2UD42Y6YD2D/s+kzCQkzQrPD6RY435Q==
  dependencies:
    "@babel/runtime" "^7.10.1"
    classnames "^2.2.5"
    rc-util "^5.18.1"
    shallowequal "^1.1.0"

rc-steps@~5.0.0:
  version "5.0.0"
  resolved "https://registry.yarnpkg.com/rc-steps/-/rc-steps-5.0.0.tgz#2e2403f2dd69eb3966d65f461f7e3a8ee1ef69fe"
  integrity sha512-9TgRvnVYirdhbV0C3syJFj9EhCRqoJAsxt4i1rED5o8/ZcSv5TLIYyo4H8MCjLPvbe2R+oBAm/IYBEtC+OS1Rw==
  dependencies:
    "@babel/runtime" "^7.16.7"
    classnames "^2.2.3"
    rc-util "^5.16.1"

rc-switch@~3.2.2:
  version "3.2.2"
  resolved "https://registry.yarnpkg.com/rc-switch/-/rc-switch-3.2.2.tgz#d001f77f12664d52595b4f6fb425dd9e66fba8e8"
  integrity sha512-+gUJClsZZzvAHGy1vZfnwySxj+MjLlGRyXKXScrtCTcmiYNPzxDFOxdQ/3pK1Kt/0POvwJ/6ALOR8gwdXGhs+A==
  dependencies:
    "@babel/runtime" "^7.10.1"
    classnames "^2.2.1"
    rc-util "^5.0.1"

rc-table@~7.26.0:
  version "7.26.0"
  resolved "https://registry.yarnpkg.com/rc-table/-/rc-table-7.26.0.tgz#9d517e7fa512e7571fdcc453eb1bf19edfac6fbc"
  integrity sha512-0cD8e6S+DTGAt5nBZQIPFYEaIukn17sfa5uFL98faHlH/whZzD8ii3dbFL4wmUDEL4BLybhYop+QUfZJ4CPvNQ==
  dependencies:
    "@babel/runtime" "^7.10.1"
    classnames "^2.2.5"
    rc-resize-observer "^1.1.0"
    rc-util "^5.22.5"
    shallowequal "^1.1.0"

rc-tabs@~12.5.10:
  version "12.5.10"
  resolved "https://registry.yarnpkg.com/rc-tabs/-/rc-tabs-12.5.10.tgz#0e41c723fac66c4f0bcad3271429fff6653b0721"
  integrity sha512-Ay0l0jtd4eXepFH9vWBvinBjqOpqzcsJTerBGwJy435P2S90Uu38q8U/mvc1sxUEVOXX5ZCFbxcWPnfG3dH+tQ==
  dependencies:
    "@babel/runtime" "^7.11.2"
    classnames "2.x"
    rc-dropdown "~4.0.0"
    rc-menu "~9.8.0"
    rc-motion "^2.6.2"
    rc-resize-observer "^1.0.0"
    rc-util "^5.16.0"

rc-textarea@^0.4.0, rc-textarea@~0.4.7:
  version "0.4.7"
  resolved "https://registry.yarnpkg.com/rc-textarea/-/rc-textarea-0.4.7.tgz#627f662d46f99e0059d1c1ebc8db40c65339fe90"
  integrity sha512-IQPd1CDI3mnMlkFyzt2O4gQ2lxUsnBAeJEoZGJnkkXgORNqyM9qovdrCj9NzcRfpHgLdzaEbU3AmobNFGUznwQ==
  dependencies:
    "@babel/runtime" "^7.10.1"
    classnames "^2.2.1"
    rc-resize-observer "^1.0.0"
    rc-util "^5.24.4"
    shallowequal "^1.1.0"

rc-tooltip@~5.2.2:
  version "5.2.2"
  resolved "https://registry.yarnpkg.com/rc-tooltip/-/rc-tooltip-5.2.2.tgz#e5cafa8ecebf78108936a0bcb93c150fa81ac93b"
  integrity sha512-jtQzU/18S6EI3lhSGoDYhPqNpWajMtS5VV/ld1LwyfrDByQpYmw/LW6U7oFXXLukjfDHQ7Ju705A82PRNFWYhg==
  dependencies:
    "@babel/runtime" "^7.11.2"
    classnames "^2.3.1"
    rc-trigger "^5.0.0"

rc-tree-select@~5.5.5:
  version "5.5.5"
  resolved "https://registry.yarnpkg.com/rc-tree-select/-/rc-tree-select-5.5.5.tgz#d28b3b45da1e820cd21762ba0ee93c19429bb369"
  integrity sha512-k2av7jF6tW9bIO4mQhaVdV4kJ1c54oxV3/hHVU+oD251Gb5JN+m1RbJFTMf1o0rAFqkvto33rxMdpafaGKQRJw==
  dependencies:
    "@babel/runtime" "^7.10.1"
    classnames "2.x"
    rc-select "~14.1.0"
    rc-tree "~5.7.0"
    rc-util "^5.16.1"

rc-tree@~5.7.0, rc-tree@~5.7.12:
  version "5.7.12"
  resolved "https://registry.yarnpkg.com/rc-tree/-/rc-tree-5.7.12.tgz#6910e551390963708936c2cbf925f9deff4a6d76"
  integrity sha512-LXA5nY2hG5koIAlHW5sgXgLpOMz+bFRbnZZ+cCg0tQs4Wv1AmY7EDi1SK7iFXhslYockbqUerQan82jljoaItg==
  dependencies:
    "@babel/runtime" "^7.10.1"
    classnames "2.x"
    rc-motion "^2.0.1"
    rc-util "^5.16.1"
    rc-virtual-list "^3.5.1"

rc-trigger@^5.0.0, rc-trigger@^5.0.4, rc-trigger@^5.1.2, rc-trigger@^5.3.1, rc-trigger@^5.3.4:
  version "5.3.4"
  resolved "https://registry.yarnpkg.com/rc-trigger/-/rc-trigger-5.3.4.tgz#6b4b26e32825677c837d1eb4d7085035eecf9a61"
  integrity sha512-mQv+vas0TwKcjAO2izNPkqR4j86OemLRmvL2nOzdP9OWNWA1ivoTt5hzFqYNW9zACwmTezRiN8bttrC7cZzYSw==
  dependencies:
    "@babel/runtime" "^7.18.3"
    classnames "^2.2.6"
    rc-align "^4.0.0"
    rc-motion "^2.0.0"
    rc-util "^5.19.2"

rc-upload@~4.3.6:
  version "4.3.6"
  resolved "https://registry.yarnpkg.com/rc-upload/-/rc-upload-4.3.6.tgz#6a87397315cee065a04bee4103d6de9dbe2e377a"
  integrity sha512-Bt7ESeG5tT3IY82fZcP+s0tQU2xmo1W6P3S8NboUUliquJLQYLkUcsaExi3IlBVr43GQMCjo30RA2o0i70+NjA==
  dependencies:
    "@babel/runtime" "^7.18.3"
    classnames "^2.2.5"
    rc-util "^5.2.0"

rc-util@^5.0.1, rc-util@^5.0.6, rc-util@^5.16.0, rc-util@^5.16.1, rc-util@^5.17.0, rc-util@^5.18.1, rc-util@^5.19.2, rc-util@^5.2.0, rc-util@^5.2.1, rc-util@^5.20.1, rc-util@^5.21.0, rc-util@^5.21.2, rc-util@^5.22.5, rc-util@^5.23.0, rc-util@^5.24.4, rc-util@^5.25.2, rc-util@^5.26.0, rc-util@^5.27.0, rc-util@^5.32.2, rc-util@^5.36.0, rc-util@^5.37.0, rc-util@^5.44.0, rc-util@^5.44.1, rc-util@^5.6.1, rc-util@^5.9.4:
  version "5.44.3"
  resolved "https://registry.yarnpkg.com/rc-util/-/rc-util-5.44.3.tgz#9eca5039906446113c4032859f88c15234547961"
  integrity sha512-q6KCcOFk3rv/zD3MckhJteZxb0VjAIFuf622B7ElK4vfrZdAzs16XR5p3VTdy3+U5jfJU5ACz4QnhLSuAGe5dA==
  dependencies:
    "@babel/runtime" "^7.18.3"
    react-is "^18.2.0"

rc-virtual-list@^3.2.0, rc-virtual-list@^3.5.1:
  version "3.18.1"
  resolved "https://registry.yarnpkg.com/rc-virtual-list/-/rc-virtual-list-3.18.1.tgz#a081237b7e468eaec7e64a896a4261c3ed6f1c4b"
  integrity sha512-ARSsD/dey/I4yNQHFYYUaKLUkD1wnD4lRZIvb3rCLMbTMmoFQJRVrWuSfbNt5P5MzMNooEBDvqrUPM4QN7BMNA==
  dependencies:
    "@babel/runtime" "^7.20.0"
    classnames "^2.2.6"
    rc-resize-observer "^1.0.0"
    rc-util "^5.36.0"

react-dom@^18.2.0:
  version "18.3.1"
  resolved "https://registry.yarnpkg.com/react-dom/-/react-dom-18.3.1.tgz#c2265d79511b57d479b3dd3fdfa51536494c5cb4"
  integrity sha512-5m4nQKp+rZRb09LNH59GM4BxTh9251/ylbKIbpe7TpGxfJ+9kv6BLkLBXIjjspbgbnIBNqlI23tRnTWT0snUIw==
  dependencies:
    loose-envify "^1.1.0"
    scheduler "^0.23.2"

react-is@^18.2.0:
  version "18.3.1"
  resolved "https://registry.yarnpkg.com/react-is/-/react-is-18.3.1.tgz#e83557dc12eae63a99e003a46388b1dcbb44db7e"
  integrity sha512-/LLMVyas0ljjAtoYiPqYiL8VWXzUUdThrmU5+n20DZv+a+ClRoevUzw5JxU+Ieh5/c87ytoTBV9G1FiKfNJdmg==

react@^18.2.0:
  version "18.3.1"
  resolved "https://registry.yarnpkg.com/react/-/react-18.3.1.tgz#49ab892009c53933625bd16b2533fc754cab2891"
  integrity sha512-wS+hAgJShR0KhEvPJArfuPVN1+Hz1t0Y6n5jLrGQbkb4urgPE/0Rve+1kMB1v/oWgHgm4WIcV+i7F2pTVj+2iQ==
  dependencies:
    loose-envify "^1.1.0"

readable-stream@^2.3.5:
  version "2.3.8"
  resolved "https://registry.yarnpkg.com/readable-stream/-/readable-stream-2.3.8.tgz#91125e8042bba1b9887f49345f6277027ce8be9b"
  integrity sha512-8p0AUk4XODgIewSi0l8Epjs+EVnWiK7NoDIEGU0HhE7+ZyY8D1IMY7odu5lRrFXGg71L15KG8QrPmum45RTtdA==
  dependencies:
    core-util-is "~1.0.0"
    inherits "~2.0.3"
    isarray "~1.0.0"
    process-nextick-args "~2.0.0"
    safe-buffer "~5.1.1"
    string_decoder "~1.1.1"
    util-deprecate "~1.0.1"

regenerator-runtime@^0.14.0:
  version "0.14.1"
  resolved "https://registry.yarnpkg.com/regenerator-runtime/-/regenerator-runtime-0.14.1.tgz#356ade10263f685dda125100cd862c1db895327f"
  integrity sha512-dYnhHh0nJoMfnkZs6GmmhFknAGRrLznOu5nc9ML+EJxGvrx6H7teuevqVqCuPcPK//3eDrrjQhehXVx9cnkGdw==

require-at@^1.0.6:
  version "1.0.6"
  resolved "https://registry.yarnpkg.com/require-at/-/require-at-1.0.6.tgz#9eb7e3c5e00727f5a4744070a7f560d4de4f6e6a"
  integrity sha512-7i1auJbMUrXEAZCOQ0VNJgmcT2VOKPRl2YGJwgpHpC9CE91Mv4/4UYIUm4chGJaI381ZDq1JUicFii64Hapd8g==

resize-observer-polyfill@^1.5.1:
  version "1.5.1"
  resolved "https://registry.yarnpkg.com/resize-observer-polyfill/-/resize-observer-polyfill-1.5.1.tgz#0e9020dd3d21024458d4ebd27e23e40269810464"
  integrity sha512-LwZrotdHOo12nQuZlHEmtuXdqGoOD0OhaxopaNFxWzInpEgaLWoVuAMbTzixuosCx2nEG58ngzW3vxdWoxIgdg==

safe-buffer@^5.1.1, safe-buffer@^5.1.2:
  version "5.2.1"
  resolved "https://registry.yarnpkg.com/safe-buffer/-/safe-buffer-5.2.1.tgz#1eaf9fa9bdb1fdd4ec75f58f9cdb4e6b7827eec6"
  integrity sha512-rp3So07KcdmmKbGvgaNxQSJr7bGVSVk5S9Eq1F+ppbRo70+YeaDxkw5Dd8NPN+GD6bjnYm2VuPuCXmpuYvmCXQ==

safe-buffer@~5.1.0, safe-buffer@~5.1.1:
  version "5.1.2"
  resolved "https://registry.yarnpkg.com/safe-buffer/-/safe-buffer-5.1.2.tgz#991ec69d296e0313747d59bdfd2b745c35f8828d"
  integrity sha512-Gd2UZBJDkXlY7GbJxfsE8/nvKkUEU1G38c1siN6QP6a9PT9MmHB8GnpscSmMJSoF8LOIrt8ud/wPtojys4G6+g==

saslprep@^1.0.0:
  version "1.0.3"
  resolved "https://registry.yarnpkg.com/saslprep/-/saslprep-1.0.3.tgz#4c02f946b56cf54297e347ba1093e7acac4cf226"
  integrity sha512-/MY/PEMbk2SuY5sScONwhUDsV2p77Znkb/q3nSVstq/yQzYJOH/Azh29p9oJLsl3LnQwSvZDKagDGBsBwSooag==
  dependencies:
    sparse-bitfield "^3.0.3"

scheduler@^0.23.2:
  version "0.23.2"
  resolved "https://registry.yarnpkg.com/scheduler/-/scheduler-0.23.2.tgz#414ba64a3b282892e944cf2108ecc078d115cdc3"
  integrity sha512-UOShsPwz7NrMUqhR6t0hWjFduvOzbtv7toDH1/hIrfRNIDBnnBWd0CwJTGvTpngVlmwGCdP9/Zl/tVrDqcuYzQ==
  dependencies:
    loose-envify "^1.1.0"

scroll-into-view-if-needed@^2.2.25:
  version "2.2.31"
  resolved "https://registry.yarnpkg.com/scroll-into-view-if-needed/-/scroll-into-view-if-needed-2.2.31.tgz#d3c482959dc483e37962d1521254e3295d0d1587"
  integrity sha512-dGCXy99wZQivjmjIqihaBQNjryrz5rueJY7eHfTdyWEiR4ttYpsajb14rn9s5d4DY4EcY6+4+U/maARBXJedkA==
  dependencies:
    compute-scroll-into-view "^1.0.20"

shallowequal@^1.1.0:
  version "1.1.0"
  resolved "https://registry.yarnpkg.com/shallowequal/-/shallowequal-1.1.0.tgz#188d521de95b9087404fd4dcb68b13df0ae4e7f8"
  integrity sha512-y0m1JoUZSlPAjXVtPPW70aZWfIL/dSP7AFkRnniLCrK/8MDKog3TySTBmckD+RObVxH0v4Tox67+F14PdED2oQ==

source-map-js@^1.0.2:
  version "1.2.1"
  resolved "https://registry.yarnpkg.com/source-map-js/-/source-map-js-1.2.1.tgz#1ce5650fddd87abc099eda37dcff024c2667ae46"
  integrity sha512-UXWMKhLOwVKb728IUtQPXxfYU+usdybtUrK/8uGE8CQMvrhOpwvzDBwj0QhSL7MQc7vIsISBG8VQ8+IDQxpfQA==

source-map-support@^0.5.17:
  version "0.5.21"
  resolved "https://registry.yarnpkg.com/source-map-support/-/source-map-support-0.5.21.tgz#04fe7c7f9e1ed2d662233c28cb2b35b9f63f6e4f"
  integrity sha512-uBHU3L3czsIyYXKX88fdrGovxdSCoTGDRZ6SYXtSRxLZUzHg5P/66Ht6uoUlHu9EZod+inXhKo3qQgwXUT/y1w==
  dependencies:
    buffer-from "^1.0.0"
    source-map "^0.6.0"

source-map@^0.6.0:
  version "0.6.1"
  resolved "https://registry.yarnpkg.com/source-map/-/source-map-0.6.1.tgz#74722af32e9614e9c287a8d0bbde48b5e2f1a263"
  integrity sha512-UjgapumWlbMhkBgzT7Ykc5YXUT46F0iKu8SGXq0bcwP5dz/h0Plj6enJqjz1Zbq2l5WaqYnrVbwWOWMyF3F47g==

sparse-bitfield@^3.0.3:
  version "3.0.3"
  resolved "https://registry.yarnpkg.com/sparse-bitfield/-/sparse-bitfield-3.0.3.tgz#ff4ae6e68656056ba4b3e792ab3334d38273ca11"
  integrity sha512-kvzhi7vqKTfkh0PZU+2D2PIllw2ymqJKujUcyPMd9Y75Nv4nPbGJZXNhxsgdQab2BmlDct1YnfQCguEvHr7VsQ==
  dependencies:
    memory-pager "^1.0.2"

string-convert@^0.2.0:
  version "0.2.1"
  resolved "https://registry.yarnpkg.com/string-convert/-/string-convert-0.2.1.tgz#6982cc3049fbb4cd85f8b24568b9d9bf39eeff97"
  integrity sha512-u/1tdPl4yQnPBjnVrmdLo9gtuLvELKsAoRapekWggdiQNvvvum+jYF329d84NAa660KQw7pB2n36KrIKVoXa3A==

string_decoder@~1.1.1:
  version "1.1.1"
  resolved "https://registry.yarnpkg.com/string_decoder/-/string_decoder-1.1.1.tgz#9cf1611ba62685d7030ae9e4ba34149c3af03fc8"
  integrity sha512-n/ShnvDi6FHbbVfviro+WojiFzv+s8MPMHBczVePfUpDJLwoLT0ht1l4YwBCbi8pJAveEEdnkHyPyTP/mzRfwg==
  dependencies:
    safe-buffer "~5.1.0"

styled-jsx@5.0.7:
  version "5.0.7"
  resolved "https://registry.yarnpkg.com/styled-jsx/-/styled-jsx-5.0.7.tgz#be44afc53771b983769ac654d355ca8d019dff48"
  integrity sha512-b3sUzamS086YLRuvnaDigdAewz1/EFYlHpYBP5mZovKEdQQOIIYq8lApylub3HHZ6xFjV051kkGU7cudJmrXEA==

throttle-debounce@^5.0.0:
  version "5.0.2"
  resolved "https://registry.yarnpkg.com/throttle-debounce/-/throttle-debounce-5.0.2.tgz#ec5549d84e053f043c9fd0f2a6dd892ff84456b1"
  integrity sha512-B71/4oyj61iNH0KeCamLuE2rmKuTO5byTOSVwECM5FA7TiAiAW+UqTKZ9ERueC4qvgSttUhdmq1mXC3kJqGX7A==

toggle-selection@^1.0.6:
  version "1.0.6"
  resolved "https://registry.yarnpkg.com/toggle-selection/-/toggle-selection-1.0.6.tgz#6e45b1263f2017fa0acc7d89d78b15b8bf77da32"
  integrity sha512-BiZS+C1OS8g/q2RRbJmy59xpyghNBqrr6k5L/uKBGRsTfxmu3ffiRnd8mlGPUVayg8pvfi5urfnu8TU7DVOkLQ==

ts-node@8.9.1:
  version "8.9.1"
  resolved "https://registry.yarnpkg.com/ts-node/-/ts-node-8.9.1.tgz#2f857f46c47e91dcd28a14e052482eb14cfd65a5"
  integrity sha512-yrq6ODsxEFTLz0R3BX2myf0WBCSQh9A+py8PBo1dCzWIOcvisbyH6akNKqDHMgXePF2kir5mm5JXJTH3OUJYOQ==
  dependencies:
    arg "^4.1.0"
    diff "^4.0.1"
    make-error "^1.1.1"
    source-map-support "^0.5.17"
    yn "3.1.1"

tslib@^2.4.0:
  version "2.8.1"
  resolved "https://registry.yarnpkg.com/tslib/-/tslib-2.8.1.tgz#612efe4ed235d567e8aba5f2a5fab70280ade83f"
  integrity sha512-oJFu94HQb+KVduSUQL7wnpmqnfmLsOA/nAh6b6EH0wCEoK0/mPeXU6c3wKDV83MkOuHPRHtSXKKU99IBazS/2w==

typescript@4.3.4:
  version "4.3.4"
  resolved "https://registry.yarnpkg.com/typescript/-/typescript-4.3.4.tgz#3f85b986945bcf31071decdd96cf8bfa65f9dcbc"
  integrity sha512-uauPG7XZn9F/mo+7MrsRjyvbxFpzemRjKEZXS4AK83oP2KKOJPvb+9cO/gmnv8arWZvhnjVOXz7B49m1l0e9Ew==

typescript@^4.8.3:
  version "4.9.5"
  resolved "https://registry.yarnpkg.com/typescript/-/typescript-4.9.5.tgz#095979f9bcc0d09da324d58d03ce8f8374cbe65a"
  integrity sha512-1FXk9E2Hm+QzZQ7z+McJiHL4NW1F2EzMu9Nq9i3zAaGqibafqYwCVU6WyWAuyQRRzOlxou8xZSyXLEN8oKj24g==

undici-types@~6.20.0:
  version "6.20.0"
  resolved "https://registry.yarnpkg.com/undici-types/-/undici-types-6.20.0.tgz#8171bf22c1f588d1554d55bf204bc624af388433"
  integrity sha512-Ny6QZ2Nju20vw1SRHe3d9jVu6gJ+4e3+MMpqu7pqE5HT6WsTSlce++GQmK5UXS8mzV8DSYHrQH+Xrf2jVcuKNg==

use-sync-external-store@1.2.0:
  version "1.2.0"
  resolved "https://registry.yarnpkg.com/use-sync-external-store/-/use-sync-external-store-1.2.0.tgz#7dbefd6ef3fe4e767a0cf5d7287aacfb5846928a"
  integrity sha512-eEgnFxGQ1Ife9bzYs6VLi8/4X6CObHMw9Qr9tPY43iKwsPw8xE8+EFsf/2cFZ5S3esXgpWgtSCtLNS41F+sKPA==

util-deprecate@~1.0.1:
  version "1.0.2"
  resolved "https://registry.yarnpkg.com/util-deprecate/-/util-deprecate-1.0.2.tgz#450d4dc9fa70de732762fbd2d4a28981419a0ccf"
  integrity sha512-EPD5q1uXyFxJpCrLnCc1nHnq3gOa6DZBocAIiI2TaSCA7VCJ1UJDMagCzIkXNsUYfD1daK//LTEQ8xiIbrHtcw==

yn@3.1.1:
  version "3.1.1"
  resolved "https://registry.yarnpkg.com/yn/-/yn-3.1.1.tgz#1e87401a09d767c1d5eab26a6e4c185182d2eb50"
  integrity sha512-Ux4ygGWsu2c7isFWe8Yu1YluJmqVhxqK2cLXNQA5AcC3QfbGNpM7fu0Y8b/z16pXLnFxZYvWhd3fhBY9DLmC6Q==
